
Microsoft Visual Studio Solution File, Format Version 12.00
# Visual Studio Version 17
VisualStudioVersion = 17.5.33530.505
MinimumVisualStudioVersion = 10.0.40219.1
Project("{FAE04EC0-301F-11D3-BF4B-00C04F79EFBC}") = "DEPARTMENT", "DEPARTMENT\DEPARTMENT.csproj", "{14C53D69-F146-468C-B739-B82AFB1FD1D5}"
EndProject
Global
	GlobalSection(SolutionConfigurationPlatforms) = preSolution
		Debug|Any CPU = Debug|Any CPU
		Release|Any CPU = Release|Any CPU
	EndGlobalSection
	GlobalSection(ProjectConfigurationPlatforms) = postSolution
		{14C53D69-F146-468C-B739-B82AFB1FD1D5}.Debug|Any CPU.ActiveCfg = Debug|Any CPU
		{14C53D69-F146-468C-B739-B82AFB1FD1D5}.Debug|Any CPU.Build.0 = Debug|Any CPU
		{14C53D69-F146-468C-B739-B82AFB1FD1D5}.Release|Any CPU.ActiveCfg = Release|Any CPU
		{14C53D69-F146-468C-B739-B82AFB1FD1D5}.Release|Any CPU.Build.0 = Release|Any CPU
	EndGlobalSection
	GlobalSection(SolutionProperties) = preSolution
		HideSolutionNode = FALSE
	EndGlobalSection
	GlobalSection(ExtensibilityGlobals) = postSolution
		SolutionGuid = {B6E893F2-7A9E-4E5F-BF6C-9C05B09A2498}
	EndGlobalSection
EndGlobal
